
Microsoft Visual Studio Solution File, Format Version 12.00
# Visual Studio 2013
VisualStudioVersion = 12.0.30501.0
MinimumVisualStudioVersion = 10.0.40219.1
Project("{FAE04EC0-301F-11D3-BF4B-00C04F79EFBC}") = "01DeclareVariables", "01DeclareVariables\01DeclareVariables.csproj", "{AD96A370-B4BC-4DEA-85C2-C71EE6730A0E}"
EndProject
Project("{FAE04EC0-301F-11D3-BF4B-00C04F79EFBC}") = "02FloatOrDouble", "02FloatOrDouble\02FloatOrDouble.csproj", "{914DE3AF-E17C-4923-AA54-E23AF48BBD75}"
EndProject
Project("{FAE04EC0-301F-11D3-BF4B-00C04F79EFBC}") = "03Variable in Hexadecimal Format", "03Variable in Hexadecimal Format\03Variable in Hexadecimal Format.csproj", "{DAC54CEC-69D1-4EB7-BDE6-E9D6D2ED0FD7}"
EndProject
Project("{FAE04EC0-301F-11D3-BF4B-00C04F79EFBC}") = "04UnicodeCharacter", "04UnicodeCharacter\04UnicodeCharacter.csproj", "{F7C451F9-12E8-4559-BFC6-64802913536A}"
EndProject
Project("{FAE04EC0-301F-11D3-BF4B-00C04F79EFBC}") = "05Boolean Variable", "05Boolean Variable\05Boolean Variable.csproj", "{EA54CBE3-FECB-46FB-B75D-44269EE972E2}"
EndProject
Project("{FAE04EC0-301F-11D3-BF4B-00C04F79EFBC}") = "06Strings and Objects", "06Strings and Objects\06Strings and Objects.csproj", "{A4673C99-719A-4BF2-BCEA-C57C898CCA5C}"
EndProject
Project("{FAE04EC0-301F-11D3-BF4B-00C04F79EFBC}") = "07Quotes in Strings", "07Quotes in Strings\07Quotes in Strings.csproj", "{22C4E77B-D936-456B-B9A2-E451A1E04CD5}"
EndProject
Project("{FAE04EC0-301F-11D3-BF4B-00C04F79EFBC}") = "08IsoscelesTriangle", "08IsoscelesTriangle\08IsoscelesTriangle.csproj", "{2E8AAB5B-735E-4401-A6B5-62AD83C91177}"
EndProject
Project("{FAE04EC0-301F-11D3-BF4B-00C04F79EFBC}") = "09ExchangeVariableValues", "09ExchangeVariableValues\09ExchangeVariableValues.csproj", "{293C0431-1E75-4366-8A30-47651EABD2FD}"
EndProject
Project("{FAE04EC0-301F-11D3-BF4B-00C04F79EFBC}") = "10Employee Data", "10Employee Data\10Employee Data.csproj", "{998B6705-616E-4576-B3C2-13426A55A496}"
EndProject
Project("{FAE04EC0-301F-11D3-BF4B-00C04F79EFBC}") = "11Bank Account Data", "11Bank Account Data\11Bank Account Data.csproj", "{57C4D14C-B9D3-48E2-B377-0D5089F4F44B}"
EndProject
Project("{FAE04EC0-301F-11D3-BF4B-00C04F79EFBC}") = "12Null Values Arithmetic", "12Null Values Arithmetic\12Null Values Arithmetic.csproj", "{FF185E28-961C-4D2A-8D8D-B087EF7BA571}"
EndProject
Project("{FAE04EC0-301F-11D3-BF4B-00C04F79EFBC}") = "13Comparing Floats", "13Comparing Floats\13Comparing Floats.csproj", "{E33CC9F5-6996-4833-814B-BCC22A4B9668}"
EndProject
Project("{FAE04EC0-301F-11D3-BF4B-00C04F79EFBC}") = "14Print the ASCII Table", "14Print the ASCII Table\14Print the ASCII Table.csproj", "{C70CE574-D5C8-4D7E-8E5A-5560D660B8B2}"
EndProject
Global
	GlobalSection(SolutionConfigurationPlatforms) = preSolution
		Debug|Any CPU = Debug|Any CPU
		Release|Any CPU = Release|Any CPU
	EndGlobalSection
	GlobalSection(ProjectConfigurationPlatforms) = postSolution
		{AD96A370-B4BC-4DEA-85C2-C71EE6730A0E}.Debug|Any CPU.ActiveCfg = Debug|Any CPU
		{AD96A370-B4BC-4DEA-85C2-C71EE6730A0E}.Debug|Any CPU.Build.0 = Debug|Any CPU
		{AD96A370-B4BC-4DEA-85C2-C71EE6730A0E}.Release|Any CPU.ActiveCfg = Release|Any CPU
		{AD96A370-B4BC-4DEA-85C2-C71EE6730A0E}.Release|Any CPU.Build.0 = Release|Any CPU
		{914DE3AF-E17C-4923-AA54-E23AF48BBD75}.Debug|Any CPU.ActiveCfg = Debug|Any CPU
		{914DE3AF-E17C-4923-AA54-E23AF48BBD75}.Debug|Any CPU.Build.0 = Debug|Any CPU
		{914DE3AF-E17C-4923-AA54-E23AF48BBD75}.Release|Any CPU.ActiveCfg = Release|Any CPU
		{914DE3AF-E17C-4923-AA54-E23AF48BBD75}.Release|Any CPU.Build.0 = Release|Any CPU
		{DAC54CEC-69D1-4EB7-BDE6-E9D6D2ED0FD7}.Debug|Any CPU.ActiveCfg = Debug|Any CPU
		{DAC54CEC-69D1-4EB7-BDE6-E9D6D2ED0FD7}.Debug|Any CPU.Build.0 = Debug|Any CPU
		{DAC54CEC-69D1-4EB7-BDE6-E9D6D2ED0FD7}.Release|Any CPU.ActiveCfg = Release|Any CPU
		{DAC54CEC-69D1-4EB7-BDE6-E9D6D2ED0FD7}.Release|Any CPU.Build.0 = Release|Any CPU
		{F7C451F9-12E8-4559-BFC6-64802913536A}.Debug|Any CPU.ActiveCfg = Debug|Any CPU
		{F7C451F9-12E8-4559-BFC6-64802913536A}.Debug|Any CPU.Build.0 = Debug|Any CPU
		{F7C451F9-12E8-4559-BFC6-64802913536A}.Release|Any CPU.ActiveCfg = Release|Any CPU
		{F7C451F9-12E8-4559-BFC6-64802913536A}.Release|Any CPU.Build.0 = Release|Any CPU
		{EA54CBE3-FECB-46FB-B75D-44269EE972E2}.Debug|Any CPU.ActiveCfg = Debug|Any CPU
		{EA54CBE3-FECB-46FB-B75D-44269EE972E2}.Debug|Any CPU.Build.0 = Debug|Any CPU
		{EA54CBE3-FECB-46FB-B75D-44269EE972E2}.Release|Any CPU.ActiveCfg = Release|Any CPU
		{EA54CBE3-FECB-46FB-B75D-44269EE972E2}.Release|Any CPU.Build.0 = Release|Any CPU
		{A4673C99-719A-4BF2-BCEA-C57C898CCA5C}.Debug|Any CPU.ActiveCfg = Debug|Any CPU
		{A4673C99-719A-4BF2-BCEA-C57C898CCA5C}.Debug|Any CPU.Build.0 = Debug|Any CPU
		{A4673C99-719A-4BF2-BCEA-C57C898CCA5C}.Release|Any CPU.ActiveCfg = Release|Any CPU
		{A4673C99-719A-4BF2-BCEA-C57C898CCA5C}.Release|Any CPU.Build.0 = Release|Any CPU
		{22C4E77B-D936-456B-B9A2-E451A1E04CD5}.Debug|Any CPU.ActiveCfg = Debug|Any CPU
		{22C4E77B-D936-456B-B9A2-E451A1E04CD5}.Debug|Any CPU.Build.0 = Debug|Any CPU
		{22C4E77B-D936-456B-B9A2-E451A1E04CD5}.Release|Any CPU.ActiveCfg = Release|Any CPU
		{22C4E77B-D936-456B-B9A2-E451A1E04CD5}.Release|Any CPU.Build.0 = Release|Any CPU
		{2E8AAB5B-735E-4401-A6B5-62AD83C91177}.Debug|Any CPU.ActiveCfg = Debug|Any CPU
		{2E8AAB5B-735E-4401-A6B5-62AD83C91177}.Debug|Any CPU.Build.0 = Debug|Any CPU
		{2E8AAB5B-735E-4401-A6B5-62AD83C91177}.Release|Any CPU.ActiveCfg = Release|Any CPU
		{2E8AAB5B-735E-4401-A6B5-62AD83C91177}.Release|Any CPU.Build.0 = Release|Any CPU
		{293C0431-1E75-4366-8A30-47651EABD2FD}.Debug|Any CPU.ActiveCfg = Debug|Any CPU
		{293C0431-1E75-4366-8A30-47651EABD2FD}.Debug|Any CPU.Build.0 = Debug|Any CPU
		{293C0431-1E75-4366-8A30-47651EABD2FD}.Release|Any CPU.ActiveCfg = Release|Any CPU
		{293C0431-1E75-4366-8A30-47651EABD2FD}.Release|Any CPU.Build.0 = Release|Any CPU
		{998B6705-616E-4576-B3C2-13426A55A496}.Debug|Any CPU.ActiveCfg = Debug|Any CPU
		{998B6705-616E-4576-B3C2-13426A55A496}.Debug|Any CPU.Build.0 = Debug|Any CPU
		{998B6705-616E-4576-B3C2-13426A55A496}.Release|Any CPU.ActiveCfg = Release|Any CPU
		{998B6705-616E-4576-B3C2-13426A55A496}.Release|Any CPU.Build.0 = Release|Any CPU
		{57C4D14C-B9D3-48E2-B377-0D5089F4F44B}.Debug|Any CPU.ActiveCfg = Debug|Any CPU
		{57C4D14C-B9D3-48E2-B377-0D5089F4F44B}.Debug|Any CPU.Build.0 = Debug|Any CPU
		{57C4D14C-B9D3-48E2-B377-0D5089F4F44B}.Release|Any CPU.ActiveCfg = Release|Any CPU
		{57C4D14C-B9D3-48E2-B377-0D5089F4F44B}.Release|Any CPU.Build.0 = Release|Any CPU
		{FF185E28-961C-4D2A-8D8D-B087EF7BA571}.Debug|Any CPU.ActiveCfg = Debug|Any CPU
		{FF185E28-961C-4D2A-8D8D-B087EF7BA571}.Debug|Any CPU.Build.0 = Debug|Any CPU
		{FF185E28-961C-4D2A-8D8D-B087EF7BA571}.Release|Any CPU.ActiveCfg = Release|Any CPU
		{FF185E28-961C-4D2A-8D8D-B087EF7BA571}.Release|Any CPU.Build.0 = Release|Any CPU
		{E33CC9F5-6996-4833-814B-BCC22A4B9668}.Debug|Any CPU.ActiveCfg = Debug|Any CPU
		{E33CC9F5-6996-4833-814B-BCC22A4B9668}.Debug|Any CPU.Build.0 = Debug|Any CPU
		{E33CC9F5-6996-4833-814B-BCC22A4B9668}.Release|Any CPU.ActiveCfg = Release|Any CPU
		{E33CC9F5-6996-4833-814B-BCC22A4B9668}.Release|Any CPU.Build.0 = Release|Any CPU
		{C70CE574-D5C8-4D7E-8E5A-5560D660B8B2}.Debug|Any CPU.ActiveCfg = Debug|Any CPU
		{C70CE574-D5C8-4D7E-8E5A-5560D660B8B2}.Debug|Any CPU.Build.0 = Debug|Any CPU
		{C70CE574-D5C8-4D7E-8E5A-5560D660B8B2}.Release|Any CPU.ActiveCfg = Release|Any CPU
		{C70CE574-D5C8-4D7E-8E5A-5560D660B8B2}.Release|Any CPU.Build.0 = Release|Any CPU
	EndGlobalSection
	GlobalSection(SolutionProperties) = preSolution
		HideSolutionNode = FALSE
	EndGlobalSection
EndGlobal
